
Microsoft Visual Studio Solution File, Format Version 12.00
# Visual Studio Version 17
VisualStudioVersion = 17.8.34330.188
MinimumVisualStudioVersion = 10.0.40219.1
Project("{9A19103F-16F7-4668-BE54-9A1E7A4F7556}") = "ConsoleApp1", "ConsoleApp1\ConsoleApp1.csproj", "{3707D679-29DE-46C2-ADC7-C8E6EB2AF36F}"
EndProject
Project("{FAE04EC0-301F-11D3-BF4B-00C04F79EFBC}") = "TestProject1", "TestProject1\TestProject1.csproj", "{15D878A4-904A-40D9-8AD7-C419027E12D9}"
EndProject
Global
	GlobalSection(SolutionConfigurationPlatforms) = preSolution
		Debug|Any CPU = Debug|Any CPU
		Release|Any CPU = Release|Any CPU
	EndGlobalSection
	GlobalSection(ProjectConfigurationPlatforms) = postSolution
		{3707D679-29DE-46C2-ADC7-C8E6EB2AF36F}.Debug|Any CPU.ActiveCfg = Debug|Any CPU
		{3707D679-29DE-46C2-ADC7-C8E6EB2AF36F}.Debug|Any CPU.Build.0 = Debug|Any CPU
		{3707D679-29DE-46C2-ADC7-C8E6EB2AF36F}.Release|Any CPU.ActiveCfg = Release|Any CPU
		{3707D679-29DE-46C2-ADC7-C8E6EB2AF36F}.Release|Any CPU.Build.0 = Release|Any CPU
		{15D878A4-904A-40D9-8AD7-C419027E12D9}.Debug|Any CPU.ActiveCfg = Debug|Any CPU
		{15D878A4-904A-40D9-8AD7-C419027E12D9}.Debug|Any CPU.Build.0 = Debug|Any CPU
		{15D878A4-904A-40D9-8AD7-C419027E12D9}.Release|Any CPU.ActiveCfg = Release|Any CPU
		{15D878A4-904A-40D9-8AD7-C419027E12D9}.Release|Any CPU.Build.0 = Release|Any CPU
	EndGlobalSection
	GlobalSection(SolutionProperties) = preSolution
		HideSolutionNode = FALSE
	EndGlobalSection
	GlobalSection(ExtensibilityGlobals) = postSolution
		SolutionGuid = {C6028457-3E1E-495B-A062-D866B6D1039E}
	EndGlobalSection
EndGlobal
